// !$*UTF8*$!
{
	archiveVersion = 1;
	classes = {
	};
	objectVersion = 46;
	objects = {

/* Begin PBXBuildFile section */
		7AA6EDEA149CA6800091A66C /* UIKit.framework in Frameworks */ = {isa = PBXBuildFile; fileRef = 7AA6EDE9149CA6800091A66C /* UIKit.framework */; };
		7AA6EDEC149CA6800091A66C /* Foundation.framework in Frameworks */ = {isa = PBXBuildFile; fileRef = 7AA6EDEB149CA6800091A66C /* Foundation.framework */; };
		7AA6EDEE149CA6800091A66C /* CoreGraphics.framework in Frameworks */ = {isa = PBXBuildFile; fileRef = 7AA6EDED149CA6800091A66C /* CoreGraphics.framework */; };
		7AA6EDF4149CA6800091A66C /* InfoPlist.strings in Resources */ = {isa = PBXBuildFile; fileRef = 7AA6EDF2149CA6800091A66C /* InfoPlist.strings */; };
		7AA6EDF6149CA6800091A66C /* main.m in Sources */ = {isa = PBXBuildFile; fileRef = 7AA6EDF5149CA6800091A66C /* main.m */; };
		7AA6EDFA149CA6800091A66C /* AppDelegate.m in Sources */ = {isa = PBXBuildFile; fileRef = 7AA6EDF9149CA6800091A66C /* AppDelegate.m */; };
		7AA6EDFD149CA6800091A66C /* MainStoryboard.storyboard in Resources */ = {isa = PBXBuildFile; fileRef = 7AA6EDFB149CA6800091A66C /* MainStoryboard.storyboard */; };
		7AA6EE00149CA6800091A66C /* ViewController.m in Sources */ = {isa = PBXBuildFile; fileRef = 7AA6EDFF149CA6800091A66C /* ViewController.m */; };
/* End PBXBuildFile section */

/* Begin PBXFileReference section */
		7AA6EDE5149CA6800091A66C /* recipe01.app */ = {isa = PBXFileReference; explicitFileType = wrapper.application; includeInIndex = 0; path = recipe01.app; sourceTree = BUILT_PRODUCTS_DIR; };
		7AA6EDE9149CA6800091A66C /* UIKit.framework */ = {isa = PBXFileReference; lastKnownFileType = wrapper.framework; name = UIKit.framework; path = System/Library/Frameworks/UIKit.framework; sourceTree = SDKROOT; };
		7AA6EDEB149CA6800091A66C /* Foundation.framework */ = {isa = PBXFileReference; lastKnownFileType = wrapper.framework; name = Foundation.framework; path = System/Library/Frameworks/Foundation.framework; sourceTree = SDKROOT; };
		7AA6EDED149CA6800091A66C /* CoreGraphics.framework */ = {isa = PBXFileReference; lastKnownFileType = wrapper.framework; name = CoreGraphics.framework; path = System/Library/Frameworks/CoreGraphics.framework; sourceTree = SDKROOT; };
		7AA6EDF1149CA6800091A66C /* recipe01-Info.plist */ = {isa = PBXFileReference; lastKnownFileType = text.plist.xml; path = "recipe01-Info.plist"; sourceTree = "<group>"; };
		7AA6EDF3149CA6800091A66C /* en */ = {isa = PBXFileReference; lastKnownFileType = text.plist.strings; name = en; path = en.lproj/InfoPlist.strings; sourceTree = "<group>"; };
		7AA6EDF5149CA6800091A66C /* main.m */ = {isa = PBXFileReference; lastKnownFileType = sourcecode.c.objc; path = main.m; sourceTree = "<group>"; };
		7AA6EDF7149CA6800091A66C /* recipe01-Prefix.pch */ = {isa = PBXFileReference; lastKnownFileType = sourcecode.c.h; path = "recipe01-Prefix.pch"; sourceTree = "<group>"; };
		7AA6EDF8149CA6800091A66C /* AppDelegate.h */ = {isa = PBXFileReference; lastKnownFileType = sourcecode.c.h; path = AppDelegate.h; sourceTree = "<group>"; };
		7AA6EDF9149CA6800091A66C /* AppDelegate.m */ = {isa = PBXFileReference; lastKnownFileType = sourcecode.c.objc; path = AppDelegate.m; sourceTree = "<group>"; };
		7AA6EDFC149CA6800091A66C /* en */ = {isa = PBXFileReference; lastKnownFileType = file.storyboard; name = en; path = en.lproj/MainStoryboard.storyboard; sourceTree = "<group>"; };
		7AA6EDFE149CA6800091A66C /* ViewController.h */ = {isa = PBXFileReference; lastKnownFileType = sourcecode.c.h; path = ViewController.h; sourceTree = "<group>"; };
		7AA6EDFF149CA6800091A66C /* ViewController.m */ = {isa = PBXFileReference; lastKnownFileType = sourcecode.c.objc; path = ViewController.m; sourceTree = "<group>"; };
/* End PBXFileReference section */

/* Begin PBXFrameworksBuildPhase section */
		7AA6EDE2149CA6800091A66C /* Frameworks */ = {
			isa = PBXFrameworksBuildPhase;
			buildActionMask = 2147483647;
			files = (
				7AA6EDEA149CA6800091A66C /* UIKit.framework in Frameworks */,
				7AA6EDEC149CA6800091A66C /* Foundation.framework in Frameworks */,
				7AA6EDEE149CA6800091A66C /* CoreGraphics.framework in Frameworks */,
			);
			runOnlyForDeploymentPostprocessing = 0;
		};
/* End PBXFrameworksBuildPhase section */

/* Begin PBXGroup section */
		7AA6EDDA149CA6800091A66C = {
			isa = PBXGroup;
			children = (
				7AA6EDEF149CA6800091A66C /* recipe01 */,
				7AA6EDE8149CA6800091A66C /* Frameworks */,
				7AA6EDE6149CA6800091A66C /* Products */,
			);
			sourceTree = "<group>";
		};
		7AA6EDE6149CA6800091A66C /* Products */ = {
			isa = PBXGroup;
			children = (
				7AA6EDE5149CA6800091A66C /* recipe01.app */,
			);
			name = Products;
			sourceTree = "<group>";
		};
		7AA6EDE8149CA6800091A66C /* Frameworks */ = {
			isa = PBXGroup;
			children = (
				7AA6EDE9149CA6800091A66C /* UIKit.framework */,
				7AA6EDEB149CA6800091A66C /* Foundation.framework */,
				7AA6EDED149CA6800091A66C /* CoreGraphics.framework */,
			);
			name = Frameworks;
			sourceTree = "<group>";
		};
		7AA6EDEF149CA6800091A66C /* recipe01 */ = {
			isa = PBXGroup;
			children = (
				7AA6EDF8149CA6800091A66C /* AppDelegate.h */,
				7AA6EDF9149CA6800091A66C /* AppDelegate.m */,
				7AA6EDFB149CA6800091A66C /* MainStoryboard.storyboard */,
				7AA6EDFE149CA6800091A66C /* ViewController.h */,
				7AA6EDFF149CA6800091A66C /* ViewController.m */,
				7AA6EDF0149CA6800091A66C /* Supporting Files */,
			);
			path = recipe01;
			sourceTree = "<group>";
		};
		7AA6EDF0149CA6800091A66C /* Supporting Files */ = {
			isa = PBXGroup;
			children = (
				7AA6EDF1149CA6800091A66C /* recipe01-Info.plist */,
				7AA6EDF2149CA6800091A66C /* InfoPlist.strings */,
				7AA6EDF5149CA6800091A66C /* main.m */,
				7AA6EDF7149CA6800091A66C /* recipe01-Prefix.pch */,
			);
			name = "Supporting Files";
			sourceTree = "<group>";
		};
/* End PBXGroup section */

/* Begin PBXNativeTarget section */
		7AA6EDE4149CA6800091A66C /* recipe01 */ = {
			isa = PBXNativeTarget;
			buildConfigurationList = 7AA6EE03149CA6800091A66C /* Build configuration list for PBXNativeTarget "recipe01" */;
			buildPhases = (
				7AA6EDE1149CA6800091A66C /* Sources */,
				7AA6EDE2149CA6800091A66C /* Frameworks */,
				7AA6EDE3149CA6800091A66C /* Resources */,
			);
			buildRules = (
			);
			dependencies = (
			);
			name = recipe01;
			productName = recipe01;
			productReference = 7AA6EDE5149CA6800091A66C /* recipe01.app */;
			productType = "com.apple.product-type.application";
		};
/* End PBXNativeTarget section */

/* Begin PBXProject section */
		7AA6EDDC149CA6800091A66C /* Project object */ = {
			isa = PBXProject;
			attributes = {
				LastUpgradeCheck = 0420;
			};
			buildConfigurationList = 7AA6EDDF149CA6800091A66C /* Build configuration list for PBXProject "recipe01" */;
			compatibilityVersion = "Xcode 3.2";
			developmentRegion = English;
			hasScannedForEncodings = 0;
			knownRegions = (
				en,
			);
			mainGroup = 7AA6EDDA149CA6800091A66C;
			productRefGroup = 7AA6EDE6149CA6800091A66C /* Products */;
			projectDirPath = "";
			projectRoot = "";
			targets = (
				7AA6EDE4149CA6800091A66C /* recipe01 */,
			);
		};
/* End PBXProject section */

/* Begin PBXResourcesBuildPhase section */
		7AA6EDE3149CA6800091A66C /* Resources */ = {
			isa = PBXResourcesBuildPhase;
			buildActionMask = 2147483647;
			files = (
				7AA6EDF4149CA6800091A66C /* InfoPlist.strings in Resources */,
				7AA6EDFD149CA6800091A66C /* MainStoryboard.storyboard in Resources */,
			);
			runOnlyForDeploymentPostprocessing = 0;
		};
/* End PBXResourcesBuildPhase section */

/* Begin PBXSourcesBuildPhase section */
		7AA6EDE1149CA6800091A66C /* Sources */ = {
			isa = PBXSourcesBuildPhase;
			buildActionMask = 2147483647;
			files = (
				7AA6EDF6149CA6800091A66C /* main.m in Sources */,
				7AA6EDFA149CA6800091A66C /* AppDelegate.m in Sources */,
				7AA6EE00149CA6800091A66C /* ViewController.m in Sources */,
			);
			runOnlyForDeploymentPostprocessing = 0;
		};
/* End PBXSourcesBuildPhase section */

/* Begin PBXVariantGroup section */
		7AA6EDF2149CA6800091A66C /* InfoPlist.strings */ = {
			isa = PBXVariantGroup;
			children = (
				7AA6EDF3149CA6800091A66C /* en */,
			);
			name = InfoPlist.strings;
			sourceTree = "<group>";
		};
		7AA6EDFB149CA6800091A66C /* MainStoryboard.storyboard */ = {
			isa = PBXVariantGroup;
			children = (
				7AA6EDFC149CA6800091A66C /* en */,
			);
			name = MainStoryboard.storyboard;
			sourceTree = "<group>";
		};
/* End PBXVariantGroup section */

/* Begin XCBuildConfiguration section */
		7AA6EE01149CA6800091A66C /* Debug */ = {
			isa = XCBuildConfiguration;
			buildSettings = {
				ALWAYS_SEARCH_USER_PATHS = NO;
				ARCHS = "$(ARCHS_STANDARD_32_BIT)";
				CLANG_ENABLE_OBJC_ARC = YES;
				"CODE_SIGN_IDENTITY[sdk=iphoneos*]" = "iPhone Developer";
				COPY_PHASE_STRIP = NO;
				GCC_C_LANGUAGE_STANDARD = gnu99;
				GCC_DYNAMIC_NO_PIC = NO;
				GCC_OPTIMIZATION_LEVEL = 0;
				GCC_PREPROCESSOR_DEFINITIONS = (
					"DEBUG=1",
					"$(inherited)",
				);
				GCC_SYMBOLS_PRIVATE_EXTERN = NO;
				GCC_VERSION = com.apple.compilers.llvm.clang.1_0;
				GCC_WARN_ABOUT_MISSING_PROTOTYPES = YES;
				GCC_WARN_ABOUT_RETURN_TYPE = YES;
				GCC_WARN_UNUSED_VARIABLE = YES;
				IPHONEOS_DEPLOYMENT_TARGET = 5.0;
				SDKROOT = iphoneos;
			};
			name = Debug;
		};
		7AA6EE02149CA6800091A66C /* Release */ = {
			isa = XCBuildConfiguration;
			buildSettings = {
				ALWAYS_SEARCH_USER_PATHS = NO;
				ARCHS = "$(ARCHS_STANDARD_32_BIT)";
				CLANG_ENABLE_OBJC_ARC = YES;
				"CODE_SIGN_IDENTITY[sdk=iphoneos*]" = "iPhone Developer";
				COPY_PHASE_STRIP = YES;
				GCC_C_LANGUAGE_STANDARD = gnu99;
				GCC_VERSION = com.apple.compilers.llvm.clang.1_0;
				GCC_WARN_ABOUT_MISSING_PROTOTYPES = YES;
				GCC_WARN_ABOUT_RETURN_TYPE = YES;
				GCC_WARN_UNUSED_VARIABLE = YES;
				IPHONEOS_DEPLOYMENT_TARGET = 5.0;
				OTHER_CFLAGS = "-DNS_BLOCK_ASSERTIONS=1";
				SDKROOT = iphoneos;
				VALIDATE_PRODUCT = YES;
			};
			name = Release;
		};
		7AA6EE04149CA6800091A66C /* Debug */ = {
			isa = XCBuildConfiguration;
			buildSettings = {
				GCC_PRECOMPILE_PREFIX_HEADER = YES;
				GCC_PREFIX_HEADER = "recipe01/recipe01-Prefix.pch";
				INFOPLIST_FILE = "recipe01/recipe01-Info.plist";
				PRODUCT_NAME = "$(TARGET_NAME)";
				WRAPPER_EXTENSION = app;
			};
			name = Debug;
		};
		7AA6EE05149CA6800091A66C /* Release */ = {
			isa = XCBuildConfiguration;
			buildSettings = {
				GCC_PRECOMPILE_PREFIX_HEADER = YES;
				GCC_PREFIX_HEADER = "recipe01/recipe01-Prefix.pch";
				INFOPLIST_FILE = "recipe01/recipe01-Info.plist";
				PRODUCT_NAME = "$(TARGET_NAME)";
				WRAPPER_EXTENSION = app;
			};
			name = Release;
		};
/* End XCBuildConfiguration section */

/* Begin XCConfigurationList section */
		7AA6EDDF149CA6800091A66C /* Build configuration list for PBXProject "recipe01" */ = {
			isa = XCConfigurationList;
			buildConfigurations = (
				7AA6EE01149CA6800091A66C /* Debug */,
				7AA6EE02149CA6800091A66C /* Release */,
			);
			defaultConfigurationIsVisible = 0;
			defaultConfigurationName = Release;
		};
		7AA6EE03149CA6800091A66C /* Build configuration list for PBXNativeTarget "recipe01" */ = {
			isa = XCConfigurationList;
			buildConfigurations = (
				7AA6EE04149CA6800091A66C /* Debug */,
				7AA6EE05149CA6800091A66C /* Release */,
			);
			defaultConfigurationIsVisible = 0;
		};
/* End XCConfigurationList section */
	};
	rootObject = 7AA6EDDC149CA6800091A66C /* Project object */;
}
